trainme:
  cmd: python train.py
  deps:
  - path: users.csv
    md5: 5febbef14389ebcfc3e501fa1091adcb
  params:
    params.yaml:
      dense: 512
      epochs: 5
      log_file: plots.csv
  outs:
  - path: logs
    md5: 85a7168c56d56bf0b493db35df777c1a.dir
  - path: plots.csv
    md5: 2b4eeffe4101acdd8f29267bc79ed1d7
  - path: summary.json
    md5: 31901e0408b0b652654f88cf83148106
