trainme:
  cmd: python train.py
  deps:
  - path: users.csv
    md5: 5febbef14389ebcfc3e501fa1091adcb
  params:
    params.yaml:
      dense: 512
      dropout: 0.05
      epochs: 7
      log_file: plots.csv
  outs:
  - path: logs
    md5: 0381f25497d0fd75a8c3e97be017598b.dir
  - path: plots.csv
    md5: f91699e715837659e872a2f07c108670
  - path: summary.json
    md5: edde036d66aa83771413b675562e3f06
