trainme:
  cmd: python train.py
  deps:
  - path: users.csv
    md5: 5febbef14389ebcfc3e501fa1091adcb
  params:
    params.yaml:
      dense: 1024
      epochs: 5
      log_file: plots.csv
  outs:
  - path: logs
    md5: 61adebc42a7a61d95f840f4c022647f8.dir
  - path: plots.csv
    md5: 0e91734e19304f22a9d68d7f688520bd
  - path: summary.json
    md5: 21173024c58bb6179de003ddbf9308c1
